{
  "name": "portal",
  "version": "1.0.0",
  "lockfileVersion": 3,
  "requires": true,
  "packages": {
    "": {
      "name": "portal",
      "version": "1.0.0",
      "license": "ISC",
      "dependencies": {
        "@aztec/l1-artifacts": "5.0.0"
      }
    },
    "node_modules/@aztec/l1-artifacts": {
      "version": "5.0.0",
      "resolved": "https://registry.npmjs.org/@aztec/l1-artifacts/-/l1-artifacts-5.0.0.tgz",
      "integrity": "sha512-7yfQl6J4jn9+lKFGSsPfuoBR+h5kjOfivfjmcoxPVw7gwx214/BE8WKqf12uali7+i2S2l5gFQfCxdlcKYXeAg==",
      "dependencies": {
        "tslib": "^2.4.0"
      }
    },
    "node_modules/tslib": {
      "version": "2.8.1",
      "resolved": "https://registry.npmjs.org/tslib/-/tslib-2.8.1.tgz",
      "integrity": "sha512-oJFu94HQb+KVduSUQL7wnpmqnfmLsOA/nAh6b6EH0wCEoK0/mPeXU6c3wKDV83MkOuHPRHtSXKKU99IBazS/2w==",
      "license": "0BSD"
    }
  }
}
